
Microsoft Visual Studio Solution File, Format Version 12.00
# Visual Studio Version 16
VisualStudioVersion = 16.0.31507.150
MinimumVisualStudioVersion = 10.0.40219.1
Project("{FAE04EC0-301F-11D3-BF4B-00C04F79EFBC}") = "Queuing_Form", "Queuing_Form\Queuing_Form.csproj", "{DE645B78-EF6A-4141-AD9B-6367085D8A6A}"
EndProject
Global
	GlobalSection(SolutionConfigurationPlatforms) = preSolution
		Debug|Any CPU = Debug|Any CPU
		Release|Any CPU = Release|Any CPU
	EndGlobalSection
	GlobalSection(ProjectConfigurationPlatforms) = postSolution
		{DE645B78-EF6A-4141-AD9B-6367085D8A6A}.Debug|Any CPU.ActiveCfg = Debug|Any CPU
		{DE645B78-EF6A-4141-AD9B-6367085D8A6A}.Debug|Any CPU.Build.0 = Debug|Any CPU
		{DE645B78-EF6A-4141-AD9B-6367085D8A6A}.Release|Any CPU.ActiveCfg = Release|Any CPU
		{DE645B78-EF6A-4141-AD9B-6367085D8A6A}.Release|Any CPU.Build.0 = Release|Any CPU
	EndGlobalSection
	GlobalSection(SolutionProperties) = preSolution
		HideSolutionNode = FALSE
	EndGlobalSection
	GlobalSection(ExtensibilityGlobals) = postSolution
		SolutionGuid = {D124C4BF-31B8-404F-9FDE-D108D12191A3}
	EndGlobalSection
EndGlobal
